
Microsoft Visual Studio Solution File, Format Version 12.00
# Visual Studio Version 17
VisualStudioVersion = 17.11.35327.3
MinimumVisualStudioVersion = 10.0.40219.1
Project("{FAE04EC0-301F-11D3-BF4B-00C04F79EFBC}") = "Synchronizer", "Synchronizer.csproj", "{DC6198A5-74FD-4EDB-BD14-D3740A4172D5}"
EndProject
Global
	GlobalSection(SolutionConfigurationPlatforms) = preSolution
		Debug|Any CPU = Debug|Any CPU
		Release|Any CPU = Release|Any CPU
	EndGlobalSection
	GlobalSection(ProjectConfigurationPlatforms) = postSolution
		{DC6198A5-74FD-4EDB-BD14-D3740A4172D5}.Debug|Any CPU.ActiveCfg = Debug|Any CPU
		{DC6198A5-74FD-4EDB-BD14-D3740A4172D5}.Debug|Any CPU.Build.0 = Debug|Any CPU
		{DC6198A5-74FD-4EDB-BD14-D3740A4172D5}.Release|Any CPU.ActiveCfg = Release|Any CPU
		{DC6198A5-74FD-4EDB-BD14-D3740A4172D5}.Release|Any CPU.Build.0 = Release|Any CPU
	EndGlobalSection
	GlobalSection(SolutionProperties) = preSolution
		HideSolutionNode = FALSE
	EndGlobalSection
	GlobalSection(ExtensibilityGlobals) = postSolution
		SolutionGuid = {8A8DCFC5-B037-451E-9A46-F569D837BA45}
	EndGlobalSection
EndGlobal
